
Microsoft Visual Studio Solution File, Format Version 12.00
Project("{FAE04EC0-301F-11D3-BF4B-00C04F79EFBC}") = "Application", "Application\Application.csproj", "{4BDEE83F-3E89-40E1-BB21-9E645F1DEF0B}"
EndProject
Project("{FAE04EC0-301F-11D3-BF4B-00C04F79EFBC}") = "Test", "Test\Test.csproj", "{98DB1357-97C3-43A3-A522-AB5548B7D8BD}"
EndProject
Global
	GlobalSection(SolutionConfigurationPlatforms) = preSolution
		Debug|Any CPU = Debug|Any CPU
		Release|Any CPU = Release|Any CPU
	EndGlobalSection
	GlobalSection(ProjectConfigurationPlatforms) = postSolution
		{98DB1357-97C3-43A3-A522-AB5548B7D8BD}.Debug|Any CPU.ActiveCfg = Debug|Any CPU
		{98DB1357-97C3-43A3-A522-AB5548B7D8BD}.Debug|Any CPU.Build.0 = Debug|Any CPU
		{98DB1357-97C3-43A3-A522-AB5548B7D8BD}.Release|Any CPU.ActiveCfg = Release|Any CPU
		{98DB1357-97C3-43A3-A522-AB5548B7D8BD}.Release|Any CPU.Build.0 = Release|Any CPU
		{4BDEE83F-3E89-40E1-BB21-9E645F1DEF0B}.Debug|Any CPU.ActiveCfg = Debug|Any CPU
		{4BDEE83F-3E89-40E1-BB21-9E645F1DEF0B}.Debug|Any CPU.Build.0 = Debug|Any CPU
	EndGlobalSection
EndGlobal
